
Microsoft Visual Studio Solution File, Format Version 12.00
Project("{FAE04EC0-301F-11D3-BF4B-00C04F79EFBC}") = "Prx.Camera", "Prx.Camera\Prx.Camera.csproj", "{AAB3BBD3-B6B2-47CF-BA84-ED1CF654B99A}"
EndProject
Project("{2150E333-8FDC-42A3-9474-1A3956D46DE8}") = "Solution", "Solution", "{C0BF9C54-DFCE-4FF2-B0D8-52E1D8264879}"
	ProjectSection(SolutionItems) = preProject
		.gitignore = .gitignore
	EndProjectSection
EndProject
Global
	GlobalSection(SolutionConfigurationPlatforms) = preSolution
		Debug|Any CPU = Debug|Any CPU
		Release|Any CPU = Release|Any CPU
	EndGlobalSection
	GlobalSection(ProjectConfigurationPlatforms) = postSolution
		{AAB3BBD3-B6B2-47CF-BA84-ED1CF654B99A}.Debug|Any CPU.ActiveCfg = Debug|Any CPU
		{AAB3BBD3-B6B2-47CF-BA84-ED1CF654B99A}.Debug|Any CPU.Build.0 = Debug|Any CPU
		{AAB3BBD3-B6B2-47CF-BA84-ED1CF654B99A}.Release|Any CPU.ActiveCfg = Release|Any CPU
		{AAB3BBD3-B6B2-47CF-BA84-ED1CF654B99A}.Release|Any CPU.Build.0 = Release|Any CPU
	EndGlobalSection
EndGlobal
